# THIS IS AN AUTOGENERATED FILE. DO NOT EDIT THIS FILE DIRECTLY.
# yarn lockfile v1


"@aragon/osx@^1.0.1":
  "integrity" "sha512-TiP5/1AGv/hth+V8PoDVFlwMzmLazYxzp//jiepAZ0WJkx9EnQNYafo+M7+pjAqRPG005liQjmFZNiK6ARLULg=="
  "resolved" "https://registry.npmjs.org/@aragon/osx/-/osx-1.0.1.tgz"
  "version" "1.0.1"

"@openzeppelin/contracts-upgradeable@^4.8.2":
  "integrity" "sha512-zIggnBwemUmmt9IS73qxi+tumALxCY4QEs3zLCII78k0Gfse2hAOdAkuAeLUzvWUpneMUfFE5sGHzEUSTvn4Ag=="
  "resolved" "https://registry.npmjs.org/@openzeppelin/contracts-upgradeable/-/contracts-upgradeable-4.8.2.tgz"
  "version" "4.8.2"

"@openzeppelin/contracts@^4.8.2":
  "integrity" "sha512-kEUOgPQszC0fSYWpbh2kT94ltOJwj1qfT2DWo+zVttmGmf97JZ99LspePNaeeaLhCImaHVeBbjaQFZQn7+Zc5g=="
  "resolved" "https://registry.npmjs.org/@openzeppelin/contracts/-/contracts-4.8.2.tgz"
  "version" "4.8.2"

"command-exists@^1.2.8":
  "integrity" "sha512-LTQ/SGc+s0Xc0Fu5WaKnR0YiygZkm9eKFvyS+fRsU7/ZWFF8ykFM6Pc9aCVf1+xasOOZpO3BAVgVrKvsqKHV7w=="
  "resolved" "https://registry.npmjs.org/command-exists/-/command-exists-1.2.9.tgz"
  "version" "1.2.9"

"commander@^8.1.0":
  "integrity" "sha512-OkTL9umf+He2DZkUq8f8J9of7yL6RJKI24dVITBmNfZBmri9zYZQrKkuXiKhyfPSu8tUhnVBB1iKXevvnlR4Ww=="
  "resolved" "https://registry.npmjs.org/commander/-/commander-8.3.0.tgz"
  "version" "8.3.0"

"follow-redirects@^1.12.1":
  "integrity" "sha512-VQLG33o04KaQ8uYi2tVNbdrWp1QWxNNea+nmIB4EVM28v0hmP17z7aG1+wAkNzVq4KeXTq3221ye5qTJP91JwA=="
  "resolved" "https://registry.npmjs.org/follow-redirects/-/follow-redirects-1.15.2.tgz"
  "version" "1.15.2"

"js-sha3@0.8.0":
  "integrity" "sha512-gF1cRrHhIzNfToc802P800N8PpXS+evLLXfsVpowqmAFR9uwbi89WvXg2QspOmXL8QL86J4T1EpFu+yUkwJY3Q=="
  "resolved" "https://registry.npmjs.org/js-sha3/-/js-sha3-0.8.0.tgz"
  "version" "0.8.0"

"memorystream@^0.3.1":
  "integrity" "sha512-S3UwM3yj5mtUSEfP41UZmt/0SCoVYUcU1rkXv+BQ5Ig8ndL4sPoJNBUJERafdPb5jjHJGuMgytgKvKIf58XNBw=="
  "resolved" "https://registry.npmjs.org/memorystream/-/memorystream-0.3.1.tgz"
  "version" "0.3.1"

"os-tmpdir@~1.0.2":
  "integrity" "sha512-D2FR03Vir7FIu45XBY20mTb+/ZSWB00sjU9jdQXt83gDrI4Ztz5Fs7/yy74g2N5SVQY4xY1qDr4rNddwYRVX0g=="
  "resolved" "https://registry.npmjs.org/os-tmpdir/-/os-tmpdir-1.0.2.tgz"
  "version" "1.0.2"

"semver@^5.5.0":
  "integrity" "sha512-sauaDf/PZdVgrLTNYHRtpXa1iRiKcaebiKQ1BJdpQlWH2lCvexQdX55snPFyK7QzpudqbCI0qXFfOasHdyNDGQ=="
  "resolved" "https://registry.npmjs.org/semver/-/semver-5.7.1.tgz"
  "version" "5.7.1"

"solc@0.8.17":
  "integrity" "sha512-Dtidk2XtTTmkB3IKdyeg6wLYopJnBVxdoykN8oP8VY3PQjN16BScYoUJTXFm2OP7P0hXNAqWiJNmmfuELtLf8g=="
  "resolved" "https://registry.npmjs.org/solc/-/solc-0.8.17.tgz"
  "version" "0.8.17"
  dependencies:
    "command-exists" "^1.2.8"
    "commander" "^8.1.0"
    "follow-redirects" "^1.12.1"
    "js-sha3" "0.8.0"
    "memorystream" "^0.3.1"
    "semver" "^5.5.0"
    "tmp" "0.0.33"

"tmp@0.0.33":
  "integrity" "sha512-jRCJlojKnZ3addtTOjdIqoRuPEKBvNXcGYqzO6zWZX8KfKEpnGY5jfggJQ3EjKuu8D4bJRr0y+cYJFmYbImXGw=="
  "resolved" "https://registry.npmjs.org/tmp/-/tmp-0.0.33.tgz"
  "version" "0.0.33"
  dependencies:
    "os-tmpdir" "~1.0.2"
